
Microsoft Visual Studio Solution File, Format Version 12.00
# Visual Studio Version 17
VisualStudioVersion = 17.8.34330.188
MinimumVisualStudioVersion = 10.0.40219.1
Project("{9A19103F-16F7-4668-BE54-9A1E7A4F7556}") = "CoreProjesi", "CoreProjesi\CoreProjesi.csproj", "{C7441DC9-E4A5-4DE1-A80F-B84B4A4F9EA9}"
EndProject
Project("{9A19103F-16F7-4668-BE54-9A1E7A4F7556}") = "EntityLayer", "EntityLayer\EntityLayer.csproj", "{6686D086-1884-4601-8658-19D12458DBDB}"
EndProject
Project("{FAE04EC0-301F-11D3-BF4B-00C04F79EFBC}") = "DataAccessLayer", "DataAccessLayer\DataAccessLayer.csproj", "{D3D633DE-A362-44FF-8716-60C5D17073E4}"
EndProject
Project("{FAE04EC0-301F-11D3-BF4B-00C04F79EFBC}") = "BusinessLayer", "BusinessLayer\BusinessLayer.csproj", "{E97C54EF-4AAB-4DBF-AB26-9AE4D8F2162A}"
EndProject
Project("{FAE04EC0-301F-11D3-BF4B-00C04F79EFBC}") = "CoreLayer", "CoreLayer\CoreLayer.csproj", "{AC255A43-733B-48FA-BDAE-A2F664A45DC0}"
EndProject
Global
	GlobalSection(SolutionConfigurationPlatforms) = preSolution
		Debug|Any CPU = Debug|Any CPU
		Release|Any CPU = Release|Any CPU
	EndGlobalSection
	GlobalSection(ProjectConfigurationPlatforms) = postSolution
		{C7441DC9-E4A5-4DE1-A80F-B84B4A4F9EA9}.Debug|Any CPU.ActiveCfg = Debug|Any CPU
		{C7441DC9-E4A5-4DE1-A80F-B84B4A4F9EA9}.Debug|Any CPU.Build.0 = Debug|Any CPU
		{C7441DC9-E4A5-4DE1-A80F-B84B4A4F9EA9}.Release|Any CPU.ActiveCfg = Release|Any CPU
		{C7441DC9-E4A5-4DE1-A80F-B84B4A4F9EA9}.Release|Any CPU.Build.0 = Release|Any CPU
		{6686D086-1884-4601-8658-19D12458DBDB}.Debug|Any CPU.ActiveCfg = Debug|Any CPU
		{6686D086-1884-4601-8658-19D12458DBDB}.Debug|Any CPU.Build.0 = Debug|Any CPU
		{6686D086-1884-4601-8658-19D12458DBDB}.Release|Any CPU.ActiveCfg = Release|Any CPU
		{6686D086-1884-4601-8658-19D12458DBDB}.Release|Any CPU.Build.0 = Release|Any CPU
		{D3D633DE-A362-44FF-8716-60C5D17073E4}.Debug|Any CPU.ActiveCfg = Debug|Any CPU
		{D3D633DE-A362-44FF-8716-60C5D17073E4}.Debug|Any CPU.Build.0 = Debug|Any CPU
		{D3D633DE-A362-44FF-8716-60C5D17073E4}.Release|Any CPU.ActiveCfg = Release|Any CPU
		{D3D633DE-A362-44FF-8716-60C5D17073E4}.Release|Any CPU.Build.0 = Release|Any CPU
		{E97C54EF-4AAB-4DBF-AB26-9AE4D8F2162A}.Debug|Any CPU.ActiveCfg = Debug|Any CPU
		{E97C54EF-4AAB-4DBF-AB26-9AE4D8F2162A}.Debug|Any CPU.Build.0 = Debug|Any CPU
		{E97C54EF-4AAB-4DBF-AB26-9AE4D8F2162A}.Release|Any CPU.ActiveCfg = Release|Any CPU
		{E97C54EF-4AAB-4DBF-AB26-9AE4D8F2162A}.Release|Any CPU.Build.0 = Release|Any CPU
		{AC255A43-733B-48FA-BDAE-A2F664A45DC0}.Debug|Any CPU.ActiveCfg = Debug|Any CPU
		{AC255A43-733B-48FA-BDAE-A2F664A45DC0}.Debug|Any CPU.Build.0 = Debug|Any CPU
		{AC255A43-733B-48FA-BDAE-A2F664A45DC0}.Release|Any CPU.ActiveCfg = Release|Any CPU
		{AC255A43-733B-48FA-BDAE-A2F664A45DC0}.Release|Any CPU.Build.0 = Release|Any CPU
	EndGlobalSection
	GlobalSection(SolutionProperties) = preSolution
		HideSolutionNode = FALSE
	EndGlobalSection
	GlobalSection(ExtensibilityGlobals) = postSolution
		SolutionGuid = {6B1A2CD4-57FD-4F2D-9615-6504C02F43C6}
	EndGlobalSection
EndGlobal
